// !$*UTF8*$!
{
	archiveVersion = 1;
	classes = {
	};
	objectVersion = 46;
	objects = {

/* Begin PBXBuildFile section */
		0F29256419CFA6E700DAECF7 /* main.m in Sources */ = {isa = PBXBuildFile; fileRef = 0F29256319CFA6E700DAECF7 /* main.m */; };
		0F29256719CFA6E700DAECF7 /* AppDelegate.m in Sources */ = {isa = PBXBuildFile; fileRef = 0F29256619CFA6E700DAECF7 /* AppDelegate.m */; };
		0F29256A19CFA6E700DAECF7 /* ViewController.m in Sources */ = {isa = PBXBuildFile; fileRef = 0F29256919CFA6E700DAECF7 /* ViewController.m */; };
		0F29256D19CFA6E700DAECF7 /* Main.storyboard in Resources */ = {isa = PBXBuildFile; fileRef = 0F29256B19CFA6E700DAECF7 /* Main.storyboard */; };
		0F29256F19CFA6E700DAECF7 /* Images.xcassets in Resources */ = {isa = PBXBuildFile; fileRef = 0F29256E19CFA6E700DAECF7 /* Images.xcassets */; };
		0F29257219CFA6E700DAECF7 /* LaunchScreen.xib in Resources */ = {isa = PBXBuildFile; fileRef = 0F29257019CFA6E700DAECF7 /* LaunchScreen.xib */; };
		0F29257E19CFA6E700DAECF7 /* _1__________Tests.m in Sources */ = {isa = PBXBuildFile; fileRef = 0F29257D19CFA6E700DAECF7 /* _1__________Tests.m */; };
		0F29258819CFA84C00DAECF7 /* images.plist in Resources */ = {isa = PBXBuildFile; fileRef = 0F29258719CFA84C00DAECF7 /* images.plist */; };
		0F2925BC19D0454500DAECF7 /* imageData.plist in Resources */ = {isa = PBXBuildFile; fileRef = 0F2925BB19D0454500DAECF7 /* imageData.plist */; };
		0F506C8319D0758A002C47DA /* ImageData.m in Sources */ = {isa = PBXBuildFile; fileRef = 0F506C8219D0758A002C47DA /* ImageData.m */; };
/* End PBXBuildFile section */

/* Begin PBXContainerItemProxy section */
		0F29257819CFA6E700DAECF7 /* PBXContainerItemProxy */ = {
			isa = PBXContainerItemProxy;
			containerPortal = 0F29255619CFA6E700DAECF7 /* Project object */;
			proxyType = 1;
			remoteGlobalIDString = 0F29255D19CFA6E700DAECF7;
			remoteInfo = "01-图片浏览器(掌握)";
		};
/* End PBXContainerItemProxy section */

/* Begin PBXFileReference section */
		0F29255E19CFA6E700DAECF7 /* 01-图片浏览器(掌握).app */ = {isa = PBXFileReference; explicitFileType = wrapper.application; includeInIndex = 0; path = "01-图片浏览器(掌握).app"; sourceTree = BUILT_PRODUCTS_DIR; };
		0F29256219CFA6E700DAECF7 /* Info.plist */ = {isa = PBXFileReference; lastKnownFileType = text.plist.xml; path = Info.plist; sourceTree = "<group>"; };
		0F29256319CFA6E700DAECF7 /* main.m */ = {isa = PBXFileReference; lastKnownFileType = sourcecode.c.objc; path = main.m; sourceTree = "<group>"; };
		0F29256519CFA6E700DAECF7 /* AppDelegate.h */ = {isa = PBXFileReference; lastKnownFileType = sourcecode.c.h; path = AppDelegate.h; sourceTree = "<group>"; };
		0F29256619CFA6E700DAECF7 /* AppDelegate.m */ = {isa = PBXFileReference; lastKnownFileType = sourcecode.c.objc; path = AppDelegate.m; sourceTree = "<group>"; };
		0F29256819CFA6E700DAECF7 /* ViewController.h */ = {isa = PBXFileReference; lastKnownFileType = sourcecode.c.h; path = ViewController.h; sourceTree = "<group>"; };
		0F29256919CFA6E700DAECF7 /* ViewController.m */ = {isa = PBXFileReference; lastKnownFileType = sourcecode.c.objc; path = ViewController.m; sourceTree = "<group>"; };
		0F29256C19CFA6E700DAECF7 /* Base */ = {isa = PBXFileReference; lastKnownFileType = file.storyboard; name = Base; path = Base.lproj/Main.storyboard; sourceTree = "<group>"; };
		0F29256E19CFA6E700DAECF7 /* Images.xcassets */ = {isa = PBXFileReference; lastKnownFileType = folder.assetcatalog; path = Images.xcassets; sourceTree = "<group>"; };
		0F29257119CFA6E700DAECF7 /* Base */ = {isa = PBXFileReference; lastKnownFileType = file.xib; name = Base; path = Base.lproj/LaunchScreen.xib; sourceTree = "<group>"; };
		0F29257719CFA6E700DAECF7 /* 01-图片浏览器(掌握)Tests.xctest */ = {isa = PBXFileReference; explicitFileType = wrapper.cfbundle; includeInIndex = 0; path = "01-图片浏览器(掌握)Tests.xctest"; sourceTree = BUILT_PRODUCTS_DIR; };
		0F29257C19CFA6E700DAECF7 /* Info.plist */ = {isa = PBXFileReference; lastKnownFileType = text.plist.xml; path = Info.plist; sourceTree = "<group>"; };
		0F29257D19CFA6E700DAECF7 /* _1__________Tests.m */ = {isa = PBXFileReference; lastKnownFileType = sourcecode.c.objc; path = "_1__________Tests.m"; sourceTree = "<group>"; };
		0F29258719CFA84C00DAECF7 /* images.plist */ = {isa = PBXFileReference; fileEncoding = 4; lastKnownFileType = text.plist.xml; path = images.plist; sourceTree = "<group>"; };
		0F2925BB19D0454500DAECF7 /* imageData.plist */ = {isa = PBXFileReference; fileEncoding = 4; lastKnownFileType = text.plist.xml; name = imageData.plist; path = "../../../素材/图片浏览器/imageData.plist"; sourceTree = "<group>"; };
		0F506C8119D0758A002C47DA /* ImageData.h */ = {isa = PBXFileReference; fileEncoding = 4; lastKnownFileType = sourcecode.c.h; path = ImageData.h; sourceTree = "<group>"; };
		0F506C8219D0758A002C47DA /* ImageData.m */ = {isa = PBXFileReference; fileEncoding = 4; lastKnownFileType = sourcecode.c.objc; path = ImageData.m; sourceTree = "<group>"; };
/* End PBXFileReference section */

/* Begin PBXFrameworksBuildPhase section */
		0F29255B19CFA6E700DAECF7 /* Frameworks */ = {
			isa = PBXFrameworksBuildPhase;
			buildActionMask = 2147483647;
			files = (
			);
			runOnlyForDeploymentPostprocessing = 0;
		};
		0F29257419CFA6E700DAECF7 /* Frameworks */ = {
			isa = PBXFrameworksBuildPhase;
			buildActionMask = 2147483647;
			files = (
			);
			runOnlyForDeploymentPostprocessing = 0;
		};
/* End PBXFrameworksBuildPhase section */

/* Begin PBXGroup section */
		0F29255519CFA6E700DAECF7 = {
			isa = PBXGroup;
			children = (
				0F29256019CFA6E700DAECF7 /* 01-图片浏览器(掌握) */,
				0F29257A19CFA6E700DAECF7 /* 01-图片浏览器(掌握)Tests */,
				0F29255F19CFA6E700DAECF7 /* Products */,
			);
			sourceTree = "<group>";
		};
		0F29255F19CFA6E700DAECF7 /* Products */ = {
			isa = PBXGroup;
			children = (
				0F29255E19CFA6E700DAECF7 /* 01-图片浏览器(掌握).app */,
				0F29257719CFA6E700DAECF7 /* 01-图片浏览器(掌握)Tests.xctest */,
			);
			name = Products;
			sourceTree = "<group>";
		};
		0F29256019CFA6E700DAECF7 /* 01-图片浏览器(掌握) */ = {
			isa = PBXGroup;
			children = (
				0F29256519CFA6E700DAECF7 /* AppDelegate.h */,
				0F29256619CFA6E700DAECF7 /* AppDelegate.m */,
				0F29256819CFA6E700DAECF7 /* ViewController.h */,
				0F29256919CFA6E700DAECF7 /* ViewController.m */,
				0F506C8119D0758A002C47DA /* ImageData.h */,
				0F506C8219D0758A002C47DA /* ImageData.m */,
				0F29256B19CFA6E700DAECF7 /* Main.storyboard */,
				0F29256E19CFA6E700DAECF7 /* Images.xcassets */,
				0F29257019CFA6E700DAECF7 /* LaunchScreen.xib */,
				0F29256119CFA6E700DAECF7 /* Supporting Files */,
			);
			path = "01-图片浏览器(掌握)";
			sourceTree = "<group>";
		};
		0F29256119CFA6E700DAECF7 /* Supporting Files */ = {
			isa = PBXGroup;
			children = (
				0F2925BB19D0454500DAECF7 /* imageData.plist */,
				0F29256219CFA6E700DAECF7 /* Info.plist */,
				0F29256319CFA6E700DAECF7 /* main.m */,
				0F29258719CFA84C00DAECF7 /* images.plist */,
			);
			name = "Supporting Files";
			sourceTree = "<group>";
		};
		0F29257A19CFA6E700DAECF7 /* 01-图片浏览器(掌握)Tests */ = {
			isa = PBXGroup;
			children = (
				0F29257D19CFA6E700DAECF7 /* _1__________Tests.m */,
				0F29257B19CFA6E700DAECF7 /* Supporting Files */,
			);
			path = "01-图片浏览器(掌握)Tests";
			sourceTree = "<group>";
		};
		0F29257B19CFA6E700DAECF7 /* Supporting Files */ = {
			isa = PBXGroup;
			children = (
				0F29257C19CFA6E700DAECF7 /* Info.plist */,
			);
			name = "Supporting Files";
			sourceTree = "<group>";
		};
/* End PBXGroup section */

/* Begin PBXNativeTarget section */
		0F29255D19CFA6E700DAECF7 /* 01-图片浏览器(掌握) */ = {
			isa = PBXNativeTarget;
			buildConfigurationList = 0F29258119CFA6E700DAECF7 /* Build configuration list for PBXNativeTarget "01-图片浏览器(掌握)" */;
			buildPhases = (
				0F29255A19CFA6E700DAECF7 /* Sources */,
				0F29255B19CFA6E700DAECF7 /* Frameworks */,
				0F29255C19CFA6E700DAECF7 /* Resources */,
			);
			buildRules = (
			);
			dependencies = (
			);
			name = "01-图片浏览器(掌握)";
			productName = "01-图片浏览器(掌握)";
			productReference = 0F29255E19CFA6E700DAECF7 /* 01-图片浏览器(掌握).app */;
			productType = "com.apple.product-type.application";
		};
		0F29257619CFA6E700DAECF7 /* 01-图片浏览器(掌握)Tests */ = {
			isa = PBXNativeTarget;
			buildConfigurationList = 0F29258419CFA6E700DAECF7 /* Build configuration list for PBXNativeTarget "01-图片浏览器(掌握)Tests" */;
			buildPhases = (
				0F29257319CFA6E700DAECF7 /* Sources */,
				0F29257419CFA6E700DAECF7 /* Frameworks */,
				0F29257519CFA6E700DAECF7 /* Resources */,
			);
			buildRules = (
			);
			dependencies = (
				0F29257919CFA6E700DAECF7 /* PBXTargetDependency */,
			);
			name = "01-图片浏览器(掌握)Tests";
			productName = "01-图片浏览器(掌握)Tests";
			productReference = 0F29257719CFA6E700DAECF7 /* 01-图片浏览器(掌握)Tests.xctest */;
			productType = "com.apple.product-type.bundle.unit-test";
		};
/* End PBXNativeTarget section */

/* Begin PBXProject section */
		0F29255619CFA6E700DAECF7 /* Project object */ = {
			isa = PBXProject;
			attributes = {
				LastUpgradeCheck = 0600;
				ORGANIZATIONNAME = itcast;
				TargetAttributes = {
					0F29255D19CFA6E700DAECF7 = {
						CreatedOnToolsVersion = 6.0.1;
					};
					0F29257619CFA6E700DAECF7 = {
						CreatedOnToolsVersion = 6.0.1;
						TestTargetID = 0F29255D19CFA6E700DAECF7;
					};
				};
			};
			buildConfigurationList = 0F29255919CFA6E700DAECF7 /* Build configuration list for PBXProject "01-图片浏览器(掌握)" */;
			compatibilityVersion = "Xcode 3.2";
			developmentRegion = English;
			hasScannedForEncodings = 0;
			knownRegions = (
				en,
				Base,
			);
			mainGroup = 0F29255519CFA6E700DAECF7;
			productRefGroup = 0F29255F19CFA6E700DAECF7 /* Products */;
			projectDirPath = "";
			projectRoot = "";
			targets = (
				0F29255D19CFA6E700DAECF7 /* 01-图片浏览器(掌握) */,
				0F29257619CFA6E700DAECF7 /* 01-图片浏览器(掌握)Tests */,
			);
		};
/* End PBXProject section */

/* Begin PBXResourcesBuildPhase section */
		0F29255C19CFA6E700DAECF7 /* Resources */ = {
			isa = PBXResourcesBuildPhase;
			buildActionMask = 2147483647;
			files = (
				0F29256D19CFA6E700DAECF7 /* Main.storyboard in Resources */,
				0F29257219CFA6E700DAECF7 /* LaunchScreen.xib in Resources */,
				0F2925BC19D0454500DAECF7 /* imageData.plist in Resources */,
				0F29258819CFA84C00DAECF7 /* images.plist in Resources */,
				0F29256F19CFA6E700DAECF7 /* Images.xcassets in Resources */,
			);
			runOnlyForDeploymentPostprocessing = 0;
		};
		0F29257519CFA6E700DAECF7 /* Resources */ = {
			isa = PBXResourcesBuildPhase;
			buildActionMask = 2147483647;
			files = (
			);
			runOnlyForDeploymentPostprocessing = 0;
		};
/* End PBXResourcesBuildPhase section */

/* Begin PBXSourcesBuildPhase section */
		0F29255A19CFA6E700DAECF7 /* Sources */ = {
			isa = PBXSourcesBuildPhase;
			buildActionMask = 2147483647;
			files = (
				0F29256A19CFA6E700DAECF7 /* ViewController.m in Sources */,
				0F29256719CFA6E700DAECF7 /* AppDelegate.m in Sources */,
				0F29256419CFA6E700DAECF7 /* main.m in Sources */,
				0F506C8319D0758A002C47DA /* ImageData.m in Sources */,
			);
			runOnlyForDeploymentPostprocessing = 0;
		};
		0F29257319CFA6E700DAECF7 /* Sources */ = {
			isa = PBXSourcesBuildPhase;
			buildActionMask = 2147483647;
			files = (
				0F29257E19CFA6E700DAECF7 /* _1__________Tests.m in Sources */,
			);
			runOnlyForDeploymentPostprocessing = 0;
		};
/* End PBXSourcesBuildPhase section */

/* Begin PBXTargetDependency section */
		0F29257919CFA6E700DAECF7 /* PBXTargetDependency */ = {
			isa = PBXTargetDependency;
			target = 0F29255D19CFA6E700DAECF7 /* 01-图片浏览器(掌握) */;
			targetProxy = 0F29257819CFA6E700DAECF7 /* PBXContainerItemProxy */;
		};
/* End PBXTargetDependency section */

/* Begin PBXVariantGroup section */
		0F29256B19CFA6E700DAECF7 /* Main.storyboard */ = {
			isa = PBXVariantGroup;
			children = (
				0F29256C19CFA6E700DAECF7 /* Base */,
			);
			name = Main.storyboard;
			sourceTree = "<group>";
		};
		0F29257019CFA6E700DAECF7 /* LaunchScreen.xib */ = {
			isa = PBXVariantGroup;
			children = (
				0F29257119CFA6E700DAECF7 /* Base */,
			);
			name = LaunchScreen.xib;
			sourceTree = "<group>";
		};
/* End PBXVariantGroup section */

/* Begin XCBuildConfiguration section */
		0F29257F19CFA6E700DAECF7 /* Debug */ = {
			isa = XCBuildConfiguration;
			buildSettings = {
				ALWAYS_SEARCH_USER_PATHS = NO;
				CLANG_CXX_LANGUAGE_STANDARD = "gnu++0x";
				CLANG_CXX_LIBRARY = "libc++";
				CLANG_ENABLE_MODULES = YES;
				CLANG_ENABLE_OBJC_ARC = YES;
				CLANG_WARN_BOOL_CONVERSION = YES;
				CLANG_WARN_CONSTANT_CONVERSION = YES;
				CLANG_WARN_DIRECT_OBJC_ISA_USAGE = YES_ERROR;
				CLANG_WARN_EMPTY_BODY = YES;
				CLANG_WARN_ENUM_CONVERSION = YES;
				CLANG_WARN_INT_CONVERSION = YES;
				CLANG_WARN_OBJC_ROOT_CLASS = YES_ERROR;
				CLANG_WARN_UNREACHABLE_CODE = YES;
				CLANG_WARN__DUPLICATE_METHOD_MATCH = YES;
				"CODE_SIGN_IDENTITY[sdk=iphoneos*]" = "iPhone Developer";
				COPY_PHASE_STRIP = NO;
				ENABLE_STRICT_OBJC_MSGSEND = YES;
				GCC_C_LANGUAGE_STANDARD = gnu99;
				GCC_DYNAMIC_NO_PIC = NO;
				GCC_OPTIMIZATION_LEVEL = 0;
				GCC_PREPROCESSOR_DEFINITIONS = (
					"DEBUG=1",
					"$(inherited)",
				);
				GCC_SYMBOLS_PRIVATE_EXTERN = NO;
				GCC_WARN_64_TO_32_BIT_CONVERSION = YES;
				GCC_WARN_ABOUT_RETURN_TYPE = YES_ERROR;
				GCC_WARN_UNDECLARED_SELECTOR = YES;
				GCC_WARN_UNINITIALIZED_AUTOS = YES_AGGRESSIVE;
				GCC_WARN_UNUSED_FUNCTION = YES;
				GCC_WARN_UNUSED_VARIABLE = YES;
				IPHONEOS_DEPLOYMENT_TARGET = 8.0;
				MTL_ENABLE_DEBUG_INFO = YES;
				ONLY_ACTIVE_ARCH = YES;
				SDKROOT = iphoneos;
			};
			name = Debug;
		};
		0F29258019CFA6E700DAECF7 /* Release */ = {
			isa = XCBuildConfiguration;
			buildSettings = {
				ALWAYS_SEARCH_USER_PATHS = NO;
				CLANG_CXX_LANGUAGE_STANDARD = "gnu++0x";
				CLANG_CXX_LIBRARY = "libc++";
				CLANG_ENABLE_MODULES = YES;
				CLANG_ENABLE_OBJC_ARC = YES;
				CLANG_WARN_BOOL_CONVERSION = YES;
				CLANG_WARN_CONSTANT_CONVERSION = YES;
				CLANG_WARN_DIRECT_OBJC_ISA_USAGE = YES_ERROR;
				CLANG_WARN_EMPTY_BODY = YES;
				CLANG_WARN_ENUM_CONVERSION = YES;
				CLANG_WARN_INT_CONVERSION = YES;
				CLANG_WARN_OBJC_ROOT_CLASS = YES_ERROR;
				CLANG_WARN_UNREACHABLE_CODE = YES;
				CLANG_WARN__DUPLICATE_METHOD_MATCH = YES;
				"CODE_SIGN_IDENTITY[sdk=iphoneos*]" = "iPhone Developer";
				COPY_PHASE_STRIP = YES;
				ENABLE_NS_ASSERTIONS = NO;
				ENABLE_STRICT_OBJC_MSGSEND = YES;
				GCC_C_LANGUAGE_STANDARD = gnu99;
				GCC_WARN_64_TO_32_BIT_CONVERSION = YES;
				GCC_WARN_ABOUT_RETURN_TYPE = YES_ERROR;
				GCC_WARN_UNDECLARED_SELECTOR = YES;
				GCC_WARN_UNINITIALIZED_AUTOS = YES_AGGRESSIVE;
				GCC_WARN_UNUSED_FUNCTION = YES;
				GCC_WARN_UNUSED_VARIABLE = YES;
				IPHONEOS_DEPLOYMENT_TARGET = 8.0;
				MTL_ENABLE_DEBUG_INFO = NO;
				SDKROOT = iphoneos;
				VALIDATE_PRODUCT = YES;
			};
			name = Release;
		};
		0F29258219CFA6E700DAECF7 /* Debug */ = {
			isa = XCBuildConfiguration;
			buildSettings = {
				ASSETCATALOG_COMPILER_APPICON_NAME = AppIcon;
				INFOPLIST_FILE = "01-图片浏览器(掌握)/Info.plist";
				LD_RUNPATH_SEARCH_PATHS = "$(inherited) @executable_path/Frameworks";
				PRODUCT_NAME = "$(TARGET_NAME)";
			};
			name = Debug;
		};
		0F29258319CFA6E700DAECF7 /* Release */ = {
			isa = XCBuildConfiguration;
			buildSettings = {
				ASSETCATALOG_COMPILER_APPICON_NAME = AppIcon;
				INFOPLIST_FILE = "01-图片浏览器(掌握)/Info.plist";
				LD_RUNPATH_SEARCH_PATHS = "$(inherited) @executable_path/Frameworks";
				PRODUCT_NAME = "$(TARGET_NAME)";
			};
			name = Release;
		};
		0F29258519CFA6E700DAECF7 /* Debug */ = {
			isa = XCBuildConfiguration;
			buildSettings = {
				BUNDLE_LOADER = "$(TEST_HOST)";
				FRAMEWORK_SEARCH_PATHS = (
					"$(SDKROOT)/Developer/Library/Frameworks",
					"$(inherited)",
				);
				GCC_PREPROCESSOR_DEFINITIONS = (
					"DEBUG=1",
					"$(inherited)",
				);
				INFOPLIST_FILE = "01-图片浏览器(掌握)Tests/Info.plist";
				LD_RUNPATH_SEARCH_PATHS = "$(inherited) @executable_path/Frameworks @loader_path/Frameworks";
				PRODUCT_NAME = "$(TARGET_NAME)";
				TEST_HOST = "$(BUILT_PRODUCTS_DIR)/01-图片浏览器(掌握).app/01-图片浏览器(掌握)";
			};
			name = Debug;
		};
		0F29258619CFA6E700DAECF7 /* Release */ = {
			isa = XCBuildConfiguration;
			buildSettings = {
				BUNDLE_LOADER = "$(TEST_HOST)";
				FRAMEWORK_SEARCH_PATHS = (
					"$(SDKROOT)/Developer/Library/Frameworks",
					"$(inherited)",
				);
				INFOPLIST_FILE = "01-图片浏览器(掌握)Tests/Info.plist";
				LD_RUNPATH_SEARCH_PATHS = "$(inherited) @executable_path/Frameworks @loader_path/Frameworks";
				PRODUCT_NAME = "$(TARGET_NAME)";
				TEST_HOST = "$(BUILT_PRODUCTS_DIR)/01-图片浏览器(掌握).app/01-图片浏览器(掌握)";
			};
			name = Release;
		};
/* End XCBuildConfiguration section */

/* Begin XCConfigurationList section */
		0F29255919CFA6E700DAECF7 /* Build configuration list for PBXProject "01-图片浏览器(掌握)" */ = {
			isa = XCConfigurationList;
			buildConfigurations = (
				0F29257F19CFA6E700DAECF7 /* Debug */,
				0F29258019CFA6E700DAECF7 /* Release */,
			);
			defaultConfigurationIsVisible = 0;
			defaultConfigurationName = Release;
		};
		0F29258119CFA6E700DAECF7 /* Build configuration list for PBXNativeTarget "01-图片浏览器(掌握)" */ = {
			isa = XCConfigurationList;
			buildConfigurations = (
				0F29258219CFA6E700DAECF7 /* Debug */,
				0F29258319CFA6E700DAECF7 /* Release */,
			);
			defaultConfigurationIsVisible = 0;
			defaultConfigurationName = Release;
		};
		0F29258419CFA6E700DAECF7 /* Build configuration list for PBXNativeTarget "01-图片浏览器(掌握)Tests" */ = {
			isa = XCConfigurationList;
			buildConfigurations = (
				0F29258519CFA6E700DAECF7 /* Debug */,
				0F29258619CFA6E700DAECF7 /* Release */,
			);
			defaultConfigurationIsVisible = 0;
			defaultConfigurationName = Release;
		};
/* End XCConfigurationList section */
	};
	rootObject = 0F29255619CFA6E700DAECF7 /* Project object */;
}
